// !$*UTF8*$!
{
	archiveVersion = 1;
	classes = {
	};
	objectVersion = 46;
	objects = {

/* Begin PBXBuildFile section */
		CF525CFF1CB4F90D0041BE55 /* main.m in Sources */ = {isa = PBXBuildFile; fileRef = CF525CFE1CB4F90D0041BE55 /* main.m */; };
		CF525D021CB4F90D0041BE55 /* AppDelegate.m in Sources */ = {isa = PBXBuildFile; fileRef = CF525D011CB4F90D0041BE55 /* AppDelegate.m */; };
		CF525D051CB4F90D0041BE55 /* ViewController.m in Sources */ = {isa = PBXBuildFile; fileRef = CF525D041CB4F90D0041BE55 /* ViewController.m */; };
		CF525D081CB4F90D0041BE55 /* Main.storyboard in Resources */ = {isa = PBXBuildFile; fileRef = CF525D061CB4F90D0041BE55 /* Main.storyboard */; };
		CF525D0B1CB4F90D0041BE55 /* _________.xcdatamodeld in Sources */ = {isa = PBXBuildFile; fileRef = CF525D091CB4F90D0041BE55 /* _________.xcdatamodeld */; };
		CF525D0D1CB4F90D0041BE55 /* Assets.xcassets in Resources */ = {isa = PBXBuildFile; fileRef = CF525D0C1CB4F90D0041BE55 /* Assets.xcassets */; };
		CF525D101CB4F90D0041BE55 /* LaunchScreen.storyboard in Resources */ = {isa = PBXBuildFile; fileRef = CF525D0E1CB4F90D0041BE55 /* LaunchScreen.storyboard */; };
		CF525D1B1CB4F90D0041BE55 /* _________Tests.m in Sources */ = {isa = PBXBuildFile; fileRef = CF525D1A1CB4F90D0041BE55 /* _________Tests.m */; };
		CF525D261CB4F90D0041BE55 /* _________UITests.m in Sources */ = {isa = PBXBuildFile; fileRef = CF525D251CB4F90D0041BE55 /* _________UITests.m */; };
/* End PBXBuildFile section */

/* Begin PBXContainerItemProxy section */
		CF525D171CB4F90D0041BE55 /* PBXContainerItemProxy */ = {
			isa = PBXContainerItemProxy;
			containerPortal = CF525CF21CB4F90D0041BE55 /* Project object */;
			proxyType = 1;
			remoteGlobalIDString = CF525CF91CB4F90D0041BE55;
			remoteInfo = "仿喜玛拉雅音乐首页";
		};
		CF525D221CB4F90D0041BE55 /* PBXContainerItemProxy */ = {
			isa = PBXContainerItemProxy;
			containerPortal = CF525CF21CB4F90D0041BE55 /* Project object */;
			proxyType = 1;
			remoteGlobalIDString = CF525CF91CB4F90D0041BE55;
			remoteInfo = "仿喜玛拉雅音乐首页";
		};
/* End PBXContainerItemProxy section */

/* Begin PBXFileReference section */
		CF525CFA1CB4F90D0041BE55 /* 仿喜玛拉雅音乐首页.app */ = {isa = PBXFileReference; explicitFileType = wrapper.application; includeInIndex = 0; path = "仿喜玛拉雅音乐首页.app"; sourceTree = BUILT_PRODUCTS_DIR; };
		CF525CFE1CB4F90D0041BE55 /* main.m */ = {isa = PBXFileReference; lastKnownFileType = sourcecode.c.objc; path = main.m; sourceTree = "<group>"; };
		CF525D001CB4F90D0041BE55 /* AppDelegate.h */ = {isa = PBXFileReference; lastKnownFileType = sourcecode.c.h; path = AppDelegate.h; sourceTree = "<group>"; };
		CF525D011CB4F90D0041BE55 /* AppDelegate.m */ = {isa = PBXFileReference; lastKnownFileType = sourcecode.c.objc; path = AppDelegate.m; sourceTree = "<group>"; };
		CF525D031CB4F90D0041BE55 /* ViewController.h */ = {isa = PBXFileReference; lastKnownFileType = sourcecode.c.h; path = ViewController.h; sourceTree = "<group>"; };
		CF525D041CB4F90D0041BE55 /* ViewController.m */ = {isa = PBXFileReference; lastKnownFileType = sourcecode.c.objc; path = ViewController.m; sourceTree = "<group>"; };
		CF525D071CB4F90D0041BE55 /* Base */ = {isa = PBXFileReference; lastKnownFileType = file.storyboard; name = Base; path = Base.lproj/Main.storyboard; sourceTree = "<group>"; };
		CF525D0A1CB4F90D0041BE55 /* _________.xcdatamodel */ = {isa = PBXFileReference; lastKnownFileType = wrapper.xcdatamodel; path = "_________.xcdatamodel"; sourceTree = "<group>"; };
		CF525D0C1CB4F90D0041BE55 /* Assets.xcassets */ = {isa = PBXFileReference; lastKnownFileType = folder.assetcatalog; path = Assets.xcassets; sourceTree = "<group>"; };
		CF525D0F1CB4F90D0041BE55 /* Base */ = {isa = PBXFileReference; lastKnownFileType = file.storyboard; name = Base; path = Base.lproj/LaunchScreen.storyboard; sourceTree = "<group>"; };
		CF525D111CB4F90D0041BE55 /* Info.plist */ = {isa = PBXFileReference; lastKnownFileType = text.plist.xml; path = Info.plist; sourceTree = "<group>"; };
		CF525D161CB4F90D0041BE55 /* 仿喜玛拉雅音乐首页Tests.xctest */ = {isa = PBXFileReference; explicitFileType = wrapper.cfbundle; includeInIndex = 0; path = "仿喜玛拉雅音乐首页Tests.xctest"; sourceTree = BUILT_PRODUCTS_DIR; };
		CF525D1A1CB4F90D0041BE55 /* _________Tests.m */ = {isa = PBXFileReference; lastKnownFileType = sourcecode.c.objc; path = "_________Tests.m"; sourceTree = "<group>"; };
		CF525D1C1CB4F90D0041BE55 /* Info.plist */ = {isa = PBXFileReference; lastKnownFileType = text.plist.xml; path = Info.plist; sourceTree = "<group>"; };
		CF525D211CB4F90D0041BE55 /* 仿喜玛拉雅音乐首页UITests.xctest */ = {isa = PBXFileReference; explicitFileType = wrapper.cfbundle; includeInIndex = 0; path = "仿喜玛拉雅音乐首页UITests.xctest"; sourceTree = BUILT_PRODUCTS_DIR; };
		CF525D251CB4F90D0041BE55 /* _________UITests.m */ = {isa = PBXFileReference; lastKnownFileType = sourcecode.c.objc; path = "_________UITests.m"; sourceTree = "<group>"; };
		CF525D271CB4F90D0041BE55 /* Info.plist */ = {isa = PBXFileReference; lastKnownFileType = text.plist.xml; path = Info.plist; sourceTree = "<group>"; };
/* End PBXFileReference section */

/* Begin PBXFrameworksBuildPhase section */
		CF525CF71CB4F90D0041BE55 /* Frameworks */ = {
			isa = PBXFrameworksBuildPhase;
			buildActionMask = 2147483647;
			files = (
			);
			runOnlyForDeploymentPostprocessing = 0;
		};
		CF525D131CB4F90D0041BE55 /* Frameworks */ = {
			isa = PBXFrameworksBuildPhase;
			buildActionMask = 2147483647;
			files = (
			);
			runOnlyForDeploymentPostprocessing = 0;
		};
		CF525D1E1CB4F90D0041BE55 /* Frameworks */ = {
			isa = PBXFrameworksBuildPhase;
			buildActionMask = 2147483647;
			files = (
			);
			runOnlyForDeploymentPostprocessing = 0;
		};
/* End PBXFrameworksBuildPhase section */

/* Begin PBXGroup section */
		CF525CF11CB4F90D0041BE55 = {
			isa = PBXGroup;
			children = (
				CF525CFC1CB4F90D0041BE55 /* 仿喜玛拉雅音乐首页 */,
				CF525D191CB4F90D0041BE55 /* 仿喜玛拉雅音乐首页Tests */,
				CF525D241CB4F90D0041BE55 /* 仿喜玛拉雅音乐首页UITests */,
				CF525CFB1CB4F90D0041BE55 /* Products */,
			);
			sourceTree = "<group>";
		};
		CF525CFB1CB4F90D0041BE55 /* Products */ = {
			isa = PBXGroup;
			children = (
				CF525CFA1CB4F90D0041BE55 /* 仿喜玛拉雅音乐首页.app */,
				CF525D161CB4F90D0041BE55 /* 仿喜玛拉雅音乐首页Tests.xctest */,
				CF525D211CB4F90D0041BE55 /* 仿喜玛拉雅音乐首页UITests.xctest */,
			);
			name = Products;
			sourceTree = "<group>";
		};
		CF525CFC1CB4F90D0041BE55 /* 仿喜玛拉雅音乐首页 */ = {
			isa = PBXGroup;
			children = (
				CF525D001CB4F90D0041BE55 /* AppDelegate.h */,
				CF525D011CB4F90D0041BE55 /* AppDelegate.m */,
				CF525D031CB4F90D0041BE55 /* ViewController.h */,
				CF525D041CB4F90D0041BE55 /* ViewController.m */,
				CF525D061CB4F90D0041BE55 /* Main.storyboard */,
				CF525D0C1CB4F90D0041BE55 /* Assets.xcassets */,
				CF525D0E1CB4F90D0041BE55 /* LaunchScreen.storyboard */,
				CF525D111CB4F90D0041BE55 /* Info.plist */,
				CF525D091CB4F90D0041BE55 /* _________.xcdatamodeld */,
				CF525CFD1CB4F90D0041BE55 /* Supporting Files */,
			);
			path = "仿喜玛拉雅音乐首页";
			sourceTree = "<group>";
		};
		CF525CFD1CB4F90D0041BE55 /* Supporting Files */ = {
			isa = PBXGroup;
			children = (
				CF525CFE1CB4F90D0041BE55 /* main.m */,
			);
			name = "Supporting Files";
			sourceTree = "<group>";
		};
		CF525D191CB4F90D0041BE55 /* 仿喜玛拉雅音乐首页Tests */ = {
			isa = PBXGroup;
			children = (
				CF525D1A1CB4F90D0041BE55 /* _________Tests.m */,
				CF525D1C1CB4F90D0041BE55 /* Info.plist */,
			);
			path = "仿喜玛拉雅音乐首页Tests";
			sourceTree = "<group>";
		};
		CF525D241CB4F90D0041BE55 /* 仿喜玛拉雅音乐首页UITests */ = {
			isa = PBXGroup;
			children = (
				CF525D251CB4F90D0041BE55 /* _________UITests.m */,
				CF525D271CB4F90D0041BE55 /* Info.plist */,
			);
			path = "仿喜玛拉雅音乐首页UITests";
			sourceTree = "<group>";
		};
/* End PBXGroup section */

/* Begin PBXNativeTarget section */
		CF525CF91CB4F90D0041BE55 /* 仿喜玛拉雅音乐首页 */ = {
			isa = PBXNativeTarget;
			buildConfigurationList = CF525D2A1CB4F90D0041BE55 /* Build configuration list for PBXNativeTarget "仿喜玛拉雅音乐首页" */;
			buildPhases = (
				CF525CF61CB4F90D0041BE55 /* Sources */,
				CF525CF71CB4F90D0041BE55 /* Frameworks */,
				CF525CF81CB4F90D0041BE55 /* Resources */,
			);
			buildRules = (
			);
			dependencies = (
			);
			name = "仿喜玛拉雅音乐首页";
			productName = "仿喜玛拉雅音乐首页";
			productReference = CF525CFA1CB4F90D0041BE55 /* 仿喜玛拉雅音乐首页.app */;
			productType = "com.apple.product-type.application";
		};
		CF525D151CB4F90D0041BE55 /* 仿喜玛拉雅音乐首页Tests */ = {
			isa = PBXNativeTarget;
			buildConfigurationList = CF525D2D1CB4F90D0041BE55 /* Build configuration list for PBXNativeTarget "仿喜玛拉雅音乐首页Tests" */;
			buildPhases = (
				CF525D121CB4F90D0041BE55 /* Sources */,
				CF525D131CB4F90D0041BE55 /* Frameworks */,
				CF525D141CB4F90D0041BE55 /* Resources */,
			);
			buildRules = (
			);
			dependencies = (
				CF525D181CB4F90D0041BE55 /* PBXTargetDependency */,
			);
			name = "仿喜玛拉雅音乐首页Tests";
			productName = "仿喜玛拉雅音乐首页Tests";
			productReference = CF525D161CB4F90D0041BE55 /* 仿喜玛拉雅音乐首页Tests.xctest */;
			productType = "com.apple.product-type.bundle.unit-test";
		};
		CF525D201CB4F90D0041BE55 /* 仿喜玛拉雅音乐首页UITests */ = {
			isa = PBXNativeTarget;
			buildConfigurationList = CF525D301CB4F90D0041BE55 /* Build configuration list for PBXNativeTarget "仿喜玛拉雅音乐首页UITests" */;
			buildPhases = (
				CF525D1D1CB4F90D0041BE55 /* Sources */,
				CF525D1E1CB4F90D0041BE55 /* Frameworks */,
				CF525D1F1CB4F90D0041BE55 /* Resources */,
			);
			buildRules = (
			);
			dependencies = (
				CF525D231CB4F90D0041BE55 /* PBXTargetDependency */,
			);
			name = "仿喜玛拉雅音乐首页UITests";
			productName = "仿喜玛拉雅音乐首页UITests";
			productReference = CF525D211CB4F90D0041BE55 /* 仿喜玛拉雅音乐首页UITests.xctest */;
			productType = "com.apple.product-type.bundle.ui-testing";
		};
/* End PBXNativeTarget section */

/* Begin PBXProject section */
		CF525CF21CB4F90D0041BE55 /* Project object */ = {
			isa = PBXProject;
			attributes = {
				LastUpgradeCheck = 0730;
				ORGANIZATIONNAME = jiangsu;
				TargetAttributes = {
					CF525CF91CB4F90D0041BE55 = {
						CreatedOnToolsVersion = 7.3;
						DevelopmentTeam = 4SU7V64Q9J;
					};
					CF525D151CB4F90D0041BE55 = {
						CreatedOnToolsVersion = 7.3;
						DevelopmentTeam = 4SU7V64Q9J;
						TestTargetID = CF525CF91CB4F90D0041BE55;
					};
					CF525D201CB4F90D0041BE55 = {
						CreatedOnToolsVersion = 7.3;
						DevelopmentTeam = 4SU7V64Q9J;
						TestTargetID = CF525CF91CB4F90D0041BE55;
					};
				};
			};
			buildConfigurationList = CF525CF51CB4F90D0041BE55 /* Build configuration list for PBXProject "仿喜玛拉雅音乐首页" */;
			compatibilityVersion = "Xcode 3.2";
			developmentRegion = English;
			hasScannedForEncodings = 0;
			knownRegions = (
				en,
				Base,
			);
			mainGroup = CF525CF11CB4F90D0041BE55;
			productRefGroup = CF525CFB1CB4F90D0041BE55 /* Products */;
			projectDirPath = "";
			projectRoot = "";
			targets = (
				CF525CF91CB4F90D0041BE55 /* 仿喜玛拉雅音乐首页 */,
				CF525D151CB4F90D0041BE55 /* 仿喜玛拉雅音乐首页Tests */,
				CF525D201CB4F90D0041BE55 /* 仿喜玛拉雅音乐首页UITests */,
			);
		};
/* End PBXProject section */

/* Begin PBXResourcesBuildPhase section */
		CF525CF81CB4F90D0041BE55 /* Resources */ = {
			isa = PBXResourcesBuildPhase;
			buildActionMask = 2147483647;
			files = (
				CF525D101CB4F90D0041BE55 /* LaunchScreen.storyboard in Resources */,
				CF525D0D1CB4F90D0041BE55 /* Assets.xcassets in Resources */,
				CF525D081CB4F90D0041BE55 /* Main.storyboard in Resources */,
			);
			runOnlyForDeploymentPostprocessing = 0;
		};
		CF525D141CB4F90D0041BE55 /* Resources */ = {
			isa = PBXResourcesBuildPhase;
			buildActionMask = 2147483647;
			files = (
			);
			runOnlyForDeploymentPostprocessing = 0;
		};
		CF525D1F1CB4F90D0041BE55 /* Resources */ = {
			isa = PBXResourcesBuildPhase;
			buildActionMask = 2147483647;
			files = (
			);
			runOnlyForDeploymentPostprocessing = 0;
		};
/* End PBXResourcesBuildPhase section */

/* Begin PBXSourcesBuildPhase section */
		CF525CF61CB4F90D0041BE55 /* Sources */ = {
			isa = PBXSourcesBuildPhase;
			buildActionMask = 2147483647;
			files = (
				CF525D051CB4F90D0041BE55 /* ViewController.m in Sources */,
				CF525D0B1CB4F90D0041BE55 /* _________.xcdatamodeld in Sources */,
				CF525D021CB4F90D0041BE55 /* AppDelegate.m in Sources */,
				CF525CFF1CB4F90D0041BE55 /* main.m in Sources */,
			);
			runOnlyForDeploymentPostprocessing = 0;
		};
		CF525D121CB4F90D0041BE55 /* Sources */ = {
			isa = PBXSourcesBuildPhase;
			buildActionMask = 2147483647;
			files = (
				CF525D1B1CB4F90D0041BE55 /* _________Tests.m in Sources */,
			);
			runOnlyForDeploymentPostprocessing = 0;
		};
		CF525D1D1CB4F90D0041BE55 /* Sources */ = {
			isa = PBXSourcesBuildPhase;
			buildActionMask = 2147483647;
			files = (
				CF525D261CB4F90D0041BE55 /* _________UITests.m in Sources */,
			);
			runOnlyForDeploymentPostprocessing = 0;
		};
/* End PBXSourcesBuildPhase section */

/* Begin PBXTargetDependency section */
		CF525D181CB4F90D0041BE55 /* PBXTargetDependency */ = {
			isa = PBXTargetDependency;
			target = CF525CF91CB4F90D0041BE55 /* 仿喜玛拉雅音乐首页 */;
			targetProxy = CF525D171CB4F90D0041BE55 /* PBXContainerItemProxy */;
		};
		CF525D231CB4F90D0041BE55 /* PBXTargetDependency */ = {
			isa = PBXTargetDependency;
			target = CF525CF91CB4F90D0041BE55 /* 仿喜玛拉雅音乐首页 */;
			targetProxy = CF525D221CB4F90D0041BE55 /* PBXContainerItemProxy */;
		};
/* End PBXTargetDependency section */

/* Begin PBXVariantGroup section */
		CF525D061CB4F90D0041BE55 /* Main.storyboard */ = {
			isa = PBXVariantGroup;
			children = (
				CF525D071CB4F90D0041BE55 /* Base */,
			);
			name = Main.storyboard;
			sourceTree = "<group>";
		};
		CF525D0E1CB4F90D0041BE55 /* LaunchScreen.storyboard */ = {
			isa = PBXVariantGroup;
			children = (
				CF525D0F1CB4F90D0041BE55 /* Base */,
			);
			name = LaunchScreen.storyboard;
			sourceTree = "<group>";
		};
/* End PBXVariantGroup section */

/* Begin XCBuildConfiguration section */
		CF525D281CB4F90D0041BE55 /* Debug */ = {
			isa = XCBuildConfiguration;
			buildSettings = {
				ALWAYS_SEARCH_USER_PATHS = NO;
				CLANG_ANALYZER_NONNULL = YES;
				CLANG_CXX_LANGUAGE_STANDARD = "gnu++0x";
				CLANG_CXX_LIBRARY = "libc++";
				CLANG_ENABLE_MODULES = YES;
				CLANG_ENABLE_OBJC_ARC = YES;
				CLANG_WARN_BOOL_CONVERSION = YES;
				CLANG_WARN_CONSTANT_CONVERSION = YES;
				CLANG_WARN_DIRECT_OBJC_ISA_USAGE = YES_ERROR;
				CLANG_WARN_EMPTY_BODY = YES;
				CLANG_WARN_ENUM_CONVERSION = YES;
				CLANG_WARN_INT_CONVERSION = YES;
				CLANG_WARN_OBJC_ROOT_CLASS = YES_ERROR;
				CLANG_WARN_UNREACHABLE_CODE = YES;
				CLANG_WARN__DUPLICATE_METHOD_MATCH = YES;
				"CODE_SIGN_IDENTITY[sdk=iphoneos*]" = "iPhone Developer";
				COPY_PHASE_STRIP = NO;
				DEBUG_INFORMATION_FORMAT = dwarf;
				ENABLE_STRICT_OBJC_MSGSEND = YES;
				ENABLE_TESTABILITY = YES;
				GCC_C_LANGUAGE_STANDARD = gnu99;
				GCC_DYNAMIC_NO_PIC = NO;
				GCC_NO_COMMON_BLOCKS = YES;
				GCC_OPTIMIZATION_LEVEL = 0;
				GCC_PREPROCESSOR_DEFINITIONS = (
					"DEBUG=1",
					"$(inherited)",
				);
				GCC_WARN_64_TO_32_BIT_CONVERSION = YES;
				GCC_WARN_ABOUT_RETURN_TYPE = YES_ERROR;
				GCC_WARN_UNDECLARED_SELECTOR = YES;
				GCC_WARN_UNINITIALIZED_AUTOS = YES_AGGRESSIVE;
				GCC_WARN_UNUSED_FUNCTION = YES;
				GCC_WARN_UNUSED_VARIABLE = YES;
				IPHONEOS_DEPLOYMENT_TARGET = 9.3;
				MTL_ENABLE_DEBUG_INFO = YES;
				ONLY_ACTIVE_ARCH = YES;
				SDKROOT = iphoneos;
			};
			name = Debug;
		};
		CF525D291CB4F90D0041BE55 /* Release */ = {
			isa = XCBuildConfiguration;
			buildSettings = {
				ALWAYS_SEARCH_USER_PATHS = NO;
				CLANG_ANALYZER_NONNULL = YES;
				CLANG_CXX_LANGUAGE_STANDARD = "gnu++0x";
				CLANG_CXX_LIBRARY = "libc++";
				CLANG_ENABLE_MODULES = YES;
				CLANG_ENABLE_OBJC_ARC = YES;
				CLANG_WARN_BOOL_CONVERSION = YES;
				CLANG_WARN_CONSTANT_CONVERSION = YES;
				CLANG_WARN_DIRECT_OBJC_ISA_USAGE = YES_ERROR;
				CLANG_WARN_EMPTY_BODY = YES;
				CLANG_WARN_ENUM_CONVERSION = YES;
				CLANG_WARN_INT_CONVERSION = YES;
				CLANG_WARN_OBJC_ROOT_CLASS = YES_ERROR;
				CLANG_WARN_UNREACHABLE_CODE = YES;
				CLANG_WARN__DUPLICATE_METHOD_MATCH = YES;
				"CODE_SIGN_IDENTITY[sdk=iphoneos*]" = "iPhone Developer";
				COPY_PHASE_STRIP = NO;
				DEBUG_INFORMATION_FORMAT = "dwarf-with-dsym";
				ENABLE_NS_ASSERTIONS = NO;
				ENABLE_STRICT_OBJC_MSGSEND = YES;
				GCC_C_LANGUAGE_STANDARD = gnu99;
				GCC_NO_COMMON_BLOCKS = YES;
				GCC_WARN_64_TO_32_BIT_CONVERSION = YES;
				GCC_WARN_ABOUT_RETURN_TYPE = YES_ERROR;
				GCC_WARN_UNDECLARED_SELECTOR = YES;
				GCC_WARN_UNINITIALIZED_AUTOS = YES_AGGRESSIVE;
				GCC_WARN_UNUSED_FUNCTION = YES;
				GCC_WARN_UNUSED_VARIABLE = YES;
				IPHONEOS_DEPLOYMENT_TARGET = 9.3;
				MTL_ENABLE_DEBUG_INFO = NO;
				SDKROOT = iphoneos;
				VALIDATE_PRODUCT = YES;
			};
			name = Release;
		};
		CF525D2B1CB4F90D0041BE55 /* Debug */ = {
			isa = XCBuildConfiguration;
			buildSettings = {
				ASSETCATALOG_COMPILER_APPICON_NAME = AppIcon;
				INFOPLIST_FILE = "仿喜玛拉雅音乐首页/Info.plist";
				LD_RUNPATH_SEARCH_PATHS = "$(inherited) @executable_path/Frameworks";
				PRODUCT_BUNDLE_IDENTIFIER = "com.jiangsu.---------";
				PRODUCT_NAME = "$(TARGET_NAME)";
			};
			name = Debug;
		};
		CF525D2C1CB4F90D0041BE55 /* Release */ = {
			isa = XCBuildConfiguration;
			buildSettings = {
				ASSETCATALOG_COMPILER_APPICON_NAME = AppIcon;
				INFOPLIST_FILE = "仿喜玛拉雅音乐首页/Info.plist";
				LD_RUNPATH_SEARCH_PATHS = "$(inherited) @executable_path/Frameworks";
				PRODUCT_BUNDLE_IDENTIFIER = "com.jiangsu.---------";
				PRODUCT_NAME = "$(TARGET_NAME)";
			};
			name = Release;
		};
		CF525D2E1CB4F90D0041BE55 /* Debug */ = {
			isa = XCBuildConfiguration;
			buildSettings = {
				BUNDLE_LOADER = "$(TEST_HOST)";
				INFOPLIST_FILE = "仿喜玛拉雅音乐首页Tests/Info.plist";
				LD_RUNPATH_SEARCH_PATHS = "$(inherited) @executable_path/Frameworks @loader_path/Frameworks";
				PRODUCT_BUNDLE_IDENTIFIER = "com.jiangsu.---------Tests";
				PRODUCT_NAME = "$(TARGET_NAME)";
				TEST_HOST = "$(BUILT_PRODUCTS_DIR)/仿喜玛拉雅音乐首页.app/仿喜玛拉雅音乐首页";
			};
			name = Debug;
		};
		CF525D2F1CB4F90D0041BE55 /* Release */ = {
			isa = XCBuildConfiguration;
			buildSettings = {
				BUNDLE_LOADER = "$(TEST_HOST)";
				INFOPLIST_FILE = "仿喜玛拉雅音乐首页Tests/Info.plist";
				LD_RUNPATH_SEARCH_PATHS = "$(inherited) @executable_path/Frameworks @loader_path/Frameworks";
				PRODUCT_BUNDLE_IDENTIFIER = "com.jiangsu.---------Tests";
				PRODUCT_NAME = "$(TARGET_NAME)";
				TEST_HOST = "$(BUILT_PRODUCTS_DIR)/仿喜玛拉雅音乐首页.app/仿喜玛拉雅音乐首页";
			};
			name = Release;
		};
		CF525D311CB4F90D0041BE55 /* Debug */ = {
			isa = XCBuildConfiguration;
			buildSettings = {
				INFOPLIST_FILE = "仿喜玛拉雅音乐首页UITests/Info.plist";
				LD_RUNPATH_SEARCH_PATHS = "$(inherited) @executable_path/Frameworks @loader_path/Frameworks";
				PRODUCT_BUNDLE_IDENTIFIER = "com.jiangsu.---------UITests";
				PRODUCT_NAME = "$(TARGET_NAME)";
				TEST_TARGET_NAME = "仿喜玛拉雅音乐首页";
			};
			name = Debug;
		};
		CF525D321CB4F90D0041BE55 /* Release */ = {
			isa = XCBuildConfiguration;
			buildSettings = {
				INFOPLIST_FILE = "仿喜玛拉雅音乐首页UITests/Info.plist";
				LD_RUNPATH_SEARCH_PATHS = "$(inherited) @executable_path/Frameworks @loader_path/Frameworks";
				PRODUCT_BUNDLE_IDENTIFIER = "com.jiangsu.---------UITests";
				PRODUCT_NAME = "$(TARGET_NAME)";
				TEST_TARGET_NAME = "仿喜玛拉雅音乐首页";
			};
			name = Release;
		};
/* End XCBuildConfiguration section */

/* Begin XCConfigurationList section */
		CF525CF51CB4F90D0041BE55 /* Build configuration list for PBXProject "仿喜玛拉雅音乐首页" */ = {
			isa = XCConfigurationList;
			buildConfigurations = (
				CF525D281CB4F90D0041BE55 /* Debug */,
				CF525D291CB4F90D0041BE55 /* Release */,
			);
			defaultConfigurationIsVisible = 0;
			defaultConfigurationName = Release;
		};
		CF525D2A1CB4F90D0041BE55 /* Build configuration list for PBXNativeTarget "仿喜玛拉雅音乐首页" */ = {
			isa = XCConfigurationList;
			buildConfigurations = (
				CF525D2B1CB4F90D0041BE55 /* Debug */,
				CF525D2C1CB4F90D0041BE55 /* Release */,
			);
			defaultConfigurationIsVisible = 0;
		};
		CF525D2D1CB4F90D0041BE55 /* Build configuration list for PBXNativeTarget "仿喜玛拉雅音乐首页Tests" */ = {
			isa = XCConfigurationList;
			buildConfigurations = (
				CF525D2E1CB4F90D0041BE55 /* Debug */,
				CF525D2F1CB4F90D0041BE55 /* Release */,
			);
			defaultConfigurationIsVisible = 0;
		};
		CF525D301CB4F90D0041BE55 /* Build configuration list for PBXNativeTarget "仿喜玛拉雅音乐首页UITests" */ = {
			isa = XCConfigurationList;
			buildConfigurations = (
				CF525D311CB4F90D0041BE55 /* Debug */,
				CF525D321CB4F90D0041BE55 /* Release */,
			);
			defaultConfigurationIsVisible = 0;
		};
/* End XCConfigurationList section */

/* Begin XCVersionGroup section */
		CF525D091CB4F90D0041BE55 /* _________.xcdatamodeld */ = {
			isa = XCVersionGroup;
			children = (
				CF525D0A1CB4F90D0041BE55 /* _________.xcdatamodel */,
			);
			currentVersion = CF525D0A1CB4F90D0041BE55 /* _________.xcdatamodel */;
			path = "_________.xcdatamodeld";
			sourceTree = "<group>";
			versionGroupType = wrapper.xcdatamodel;
		};
/* End XCVersionGroup section */
	};
	rootObject = CF525CF21CB4F90D0041BE55 /* Project object */;
}
